github.com/Kaese72/device-store v0.0.43 h1:fm6QxKWEkjOfKgYyj94nzc6RSjyvTARUi5Ps/k8JqRI=
github.com/Kaese72/device-store v0.0.43/go.mod h1:I2IX+c9zk5kEU29g3ONRKBt/MlbxyaOrJdhnkUxSTjw=
github.com/Kaese72/huemie-lib v0.0.5 h1:gNfG+NhH7O/C0AzzZmlnG5ZOzp+suD2mWvvWNUCtwSc=
github.com/Kaese72/huemie-lib v0.0.5/go.mod h1:3hEu8ov7sCxyxtjZFZ4W+3pZkenEewfqSr7i5C17C2Y=
github.com/gorilla/mux v1.8.1 h1:TuBL49tXwgrFYWhqrNgrUNEY92u81SPhu7sTdzQEiWY=
github.com/gorilla/mux v1.8.1/go.mod h1:AKf9I4AEqPTmMytcMc0KkNouC66V3BtZ4qD5fmWSiMQ=
github.com/pkg/errors v0.9.1 h1:FEBLx1zS214owpjy7qsBeixbURkuhQAwrK5UwLGTwt4=
github.com/pkg/errors v0.9.1/go.mod h1:bwawxfHBFNV+L2hUp1rHADufV3IMtnDRdf1r5NINEl0=
