github.com/Kaese72/device-store v0.0.55 h1:1I3QOJ2Mxsdbvg+dZUXMbtu2g9UceOcafGVxRom3BEQ=
github.com/Kaese72/device-store v0.0.55/go.mod h1:A/wEFYSGf8SMEH/eYJiENUKf6IeDxw9yAWdGc3yAqk8=
github.com/Kaese72/huemie-lib v0.0.5 h1:gNfG+NhH7O/C0AzzZmlnG5ZOzp+suD2mWvvWNUCtwSc=
github.com/Kaese72/huemie-lib v0.0.5/go.mod h1:3hEu8ov7sCxyxtjZFZ4W+3pZkenEewfqSr7i5C17C2Y=
github.com/gorilla/mux v1.8.1 h1:TuBL49tXwgrFYWhqrNgrUNEY92u81SPhu7sTdzQEiWY=
github.com/gorilla/mux v1.8.1/go.mod h1:AKf9I4AEqPTmMytcMc0KkNouC66V3BtZ4qD5fmWSiMQ=
github.com/pkg/errors v0.9.1 h1:FEBLx1zS214owpjy7qsBeixbURkuhQAwrK5UwLGTwt4=
github.com/pkg/errors v0.9.1/go.mod h1:bwawxfHBFNV+L2hUp1rHADufV3IMtnDRdf1r5NINEl0=
